
Microsoft Visual Studio Solution File, Format Version 12.00
# Visual Studio 2013
VisualStudioVersion = 12.0.21005.1
MinimumVisualStudioVersion = 10.0.40219.1
Project("{FAE04EC0-301F-11D3-BF4B-00C04F79EFBC}") = "WindowsForms", "WindowsForms\WindowsForms.csproj", "{F770A818-F9CB-480B-9117-0A36B8B0A5AB}"
EndProject
Project("{FAE04EC0-301F-11D3-BF4B-00C04F79EFBC}") = "ClassLibrary", "..\ClassLibrary\ClassLibrary\ClassLibrary.csproj", "{95A1AB50-F27A-4756-8DB2-4EC6932C57EA}"
EndProject
Global
	GlobalSection(SolutionConfigurationPlatforms) = preSolution
		Debug|Any CPU = Debug|Any CPU
		Debug|Mixed Platforms = Debug|Mixed Platforms
		Debug|x86 = Debug|x86
		Release|Any CPU = Release|Any CPU
		Release|Mixed Platforms = Release|Mixed Platforms
		Release|x86 = Release|x86
	EndGlobalSection
	GlobalSection(ProjectConfigurationPlatforms) = postSolution
		{F770A818-F9CB-480B-9117-0A36B8B0A5AB}.Debug|Any CPU.ActiveCfg = Debug|Any CPU
		{F770A818-F9CB-480B-9117-0A36B8B0A5AB}.Debug|Any CPU.Build.0 = Debug|Any CPU
		{F770A818-F9CB-480B-9117-0A36B8B0A5AB}.Debug|Mixed Platforms.ActiveCfg = Debug|Any CPU
		{F770A818-F9CB-480B-9117-0A36B8B0A5AB}.Debug|Mixed Platforms.Build.0 = Debug|Any CPU
		{F770A818-F9CB-480B-9117-0A36B8B0A5AB}.Debug|x86.ActiveCfg = Debug|Any CPU
		{F770A818-F9CB-480B-9117-0A36B8B0A5AB}.Release|Any CPU.ActiveCfg = Release|Any CPU
		{F770A818-F9CB-480B-9117-0A36B8B0A5AB}.Release|Any CPU.Build.0 = Release|Any CPU
		{F770A818-F9CB-480B-9117-0A36B8B0A5AB}.Release|Mixed Platforms.ActiveCfg = Release|Any CPU
		{F770A818-F9CB-480B-9117-0A36B8B0A5AB}.Release|Mixed Platforms.Build.0 = Release|Any CPU
		{F770A818-F9CB-480B-9117-0A36B8B0A5AB}.Release|x86.ActiveCfg = Release|Any CPU
		{95A1AB50-F27A-4756-8DB2-4EC6932C57EA}.Debug|Any CPU.ActiveCfg = Debug|Any CPU
		{95A1AB50-F27A-4756-8DB2-4EC6932C57EA}.Debug|Any CPU.Build.0 = Debug|Any CPU
		{95A1AB50-F27A-4756-8DB2-4EC6932C57EA}.Debug|Mixed Platforms.ActiveCfg = Debug|Any CPU
		{95A1AB50-F27A-4756-8DB2-4EC6932C57EA}.Debug|Mixed Platforms.Build.0 = Debug|Any CPU
		{95A1AB50-F27A-4756-8DB2-4EC6932C57EA}.Debug|x86.ActiveCfg = Debug|Any CPU
		{95A1AB50-F27A-4756-8DB2-4EC6932C57EA}.Release|Any CPU.ActiveCfg = Release|Any CPU
		{95A1AB50-F27A-4756-8DB2-4EC6932C57EA}.Release|Any CPU.Build.0 = Release|Any CPU
		{95A1AB50-F27A-4756-8DB2-4EC6932C57EA}.Release|Mixed Platforms.ActiveCfg = Release|Any CPU
		{95A1AB50-F27A-4756-8DB2-4EC6932C57EA}.Release|Mixed Platforms.Build.0 = Release|Any CPU
		{95A1AB50-F27A-4756-8DB2-4EC6932C57EA}.Release|x86.ActiveCfg = Release|Any CPU
	EndGlobalSection
	GlobalSection(SolutionProperties) = preSolution
		HideSolutionNode = FALSE
	EndGlobalSection
EndGlobal
